// !$*UTF8*$!
{
	archiveVersion = 1;
	classes = {
	};
	objectVersion = 46;
	objects = {

/* Begin PBXFileReference section */
		1108BCBB14D7EAAD00A64F48 /* Makefile */ = {isa = PBXFileReference; fileEncoding = 4; lastKnownFileType = sourcecode.make; name = Makefile; path = src/Makefile; sourceTree = "<group>"; };
		1108BCBC14D7ED7500A64F48 /* oscbank~-help.pd */ = {isa = PBXFileReference; fileEncoding = 4; lastKnownFileType = text; name = "oscbank~-help.pd"; path = "src/oscbank~-help.pd"; sourceTree = "<group>"; };
		113B543214CB9D5C0006E9BB /* oscbank~.c */ = {isa = PBXFileReference; fileEncoding = 4; lastKnownFileType = sourcecode.c.c; name = "oscbank~.c"; path = "src/oscbank~.c"; sourceTree = "<group>"; };
/* End PBXFileReference section */

/* Begin PBXGroup section */
		113B542114CB9D060006E9BB = {
			isa = PBXGroup;
			children = (
				1108BCBB14D7EAAD00A64F48 /* Makefile */,
				113B543214CB9D5C0006E9BB /* oscbank~.c */,
				1108BCBC14D7ED7500A64F48 /* oscbank~-help.pd */,
			);
			sourceTree = "<group>";
		};
/* End PBXGroup section */

/* Begin PBXLegacyTarget section */
		113B542814CB9D070006E9BB /* oscbank~ */ = {
			isa = PBXLegacyTarget;
			buildArgumentsString = pd_darwin;
			buildConfigurationList = 113B542B14CB9D070006E9BB /* Build configuration list for PBXLegacyTarget "oscbank~" */;
			buildPhases = (
			);
			buildToolPath = /usr/bin/make;
			buildWorkingDirectory = src;
			dependencies = (
			);
			name = "oscbank~";
			passBuildSettingsInEnvironment = 1;
			productName = "oscbank~";
		};
/* End PBXLegacyTarget section */

/* Begin PBXProject section */
		113B542314CB9D060006E9BB /* Project object */ = {
			isa = PBXProject;
			attributes = {
				LastUpgradeCheck = 0420;
				ORGANIZATIONNAME = Blarg;
			};
			buildConfigurationList = 113B542614CB9D060006E9BB /* Build configuration list for PBXProject "oscbank~" */;
			compatibilityVersion = "Xcode 3.2";
			developmentRegion = English;
			hasScannedForEncodings = 0;
			knownRegions = (
				en,
			);
			mainGroup = 113B542114CB9D060006E9BB;
			projectDirPath = "";
			projectRoot = "";
			targets = (
				113B542814CB9D070006E9BB /* oscbank~ */,
			);
		};
/* End PBXProject section */

/* Begin XCBuildConfiguration section */
		113B542914CB9D070006E9BB /* Debug */ = {
			isa = XCBuildConfiguration;
			buildSettings = {
				ALWAYS_SEARCH_USER_PATHS = NO;
				ARCHS = "$(ARCHS_STANDARD_64_BIT)";
				COPY_PHASE_STRIP = NO;
				GCC_C_LANGUAGE_STANDARD = gnu99;
				GCC_DYNAMIC_NO_PIC = NO;
				GCC_ENABLE_OBJC_EXCEPTIONS = YES;
				GCC_OPTIMIZATION_LEVEL = 0;
				GCC_PREPROCESSOR_DEFINITIONS = (
					"DEBUG=1",
					"$(inherited)",
				);
				GCC_SYMBOLS_PRIVATE_EXTERN = NO;
				GCC_VERSION = com.apple.compilers.llvm.clang.1_0;
				GCC_WARN_64_TO_32_BIT_CONVERSION = YES;
				GCC_WARN_ABOUT_MISSING_PROTOTYPES = YES;
				GCC_WARN_ABOUT_RETURN_TYPE = YES;
				GCC_WARN_UNUSED_VARIABLE = YES;
				MACOSX_DEPLOYMENT_TARGET = 10.7;
				ONLY_ACTIVE_ARCH = YES;
				SDKROOT = macosx;
			};
			name = Debug;
		};
		113B542A14CB9D070006E9BB /* Release */ = {
			isa = XCBuildConfiguration;
			buildSettings = {
				ALWAYS_SEARCH_USER_PATHS = NO;
				ARCHS = "$(ARCHS_STANDARD_64_BIT)";
				COPY_PHASE_STRIP = YES;
				DEBUG_INFORMATION_FORMAT = "dwarf-with-dsym";
				GCC_C_LANGUAGE_STANDARD = gnu99;
				GCC_ENABLE_OBJC_EXCEPTIONS = YES;
				GCC_VERSION = com.apple.compilers.llvm.clang.1_0;
				GCC_WARN_64_TO_32_BIT_CONVERSION = YES;
				GCC_WARN_ABOUT_MISSING_PROTOTYPES = YES;
				GCC_WARN_ABOUT_RETURN_TYPE = YES;
				GCC_WARN_UNUSED_VARIABLE = YES;
				MACOSX_DEPLOYMENT_TARGET = 10.7;
				SDKROOT = macosx;
			};
			name = Release;
		};
		113B542C14CB9D070006E9BB /* Debug */ = {
			isa = XCBuildConfiguration;
			buildSettings = {
				DEBUGGING_SYMBOLS = YES;
				GCC_GENERATE_DEBUGGING_SYMBOLS = YES;
				GCC_OPTIMIZATION_LEVEL = 0;
				OTHER_CFLAGS = "";
				OTHER_LDFLAGS = "";
				PRODUCT_NAME = "$(TARGET_NAME)";
			};
			name = Debug;
		};
		113B542D14CB9D070006E9BB /* Release */ = {
			isa = XCBuildConfiguration;
			buildSettings = {
				OTHER_CFLAGS = "";
				OTHER_LDFLAGS = "";
				PRODUCT_NAME = "$(TARGET_NAME)";
			};
			name = Release;
		};
/* End XCBuildConfiguration section */

/* Begin XCConfigurationList section */
		113B542614CB9D060006E9BB /* Build configuration list for PBXProject "oscbank~" */ = {
			isa = XCConfigurationList;
			buildConfigurations = (
				113B542914CB9D070006E9BB /* Debug */,
				113B542A14CB9D070006E9BB /* Release */,
			);
			defaultConfigurationIsVisible = 0;
			defaultConfigurationName = Release;
		};
		113B542B14CB9D070006E9BB /* Build configuration list for PBXLegacyTarget "oscbank~" */ = {
			isa = XCConfigurationList;
			buildConfigurations = (
				113B542C14CB9D070006E9BB /* Debug */,
				113B542D14CB9D070006E9BB /* Release */,
			);
			defaultConfigurationIsVisible = 0;
			defaultConfigurationName = Release;
		};
/* End XCConfigurationList section */
	};
	rootObject = 113B542314CB9D060006E9BB /* Project object */;
}
